
Microsoft Visual Studio Solution File, Format Version 12.00
# Visual Studio Version 17
VisualStudioVersion = 17.2.32519.379
MinimumVisualStudioVersion = 10.0.40219.1
Project("{FAE04EC0-301F-11D3-BF4B-00C04F79EFBC}") = "SmallCalculator", "SmallCalculator\SmallCalculator.csproj", "{187F7E57-3DA3-491C-8C75-AA24E6AC0B59}"
EndProject
Global
	GlobalSection(SolutionConfigurationPlatforms) = preSolution
		Debug|Any CPU = Debug|Any CPU
		Release|Any CPU = Release|Any CPU
	EndGlobalSection
	GlobalSection(ProjectConfigurationPlatforms) = postSolution
		{187F7E57-3DA3-491C-8C75-AA24E6AC0B59}.Debug|Any CPU.ActiveCfg = Debug|Any CPU
		{187F7E57-3DA3-491C-8C75-AA24E6AC0B59}.Debug|Any CPU.Build.0 = Debug|Any CPU
		{187F7E57-3DA3-491C-8C75-AA24E6AC0B59}.Release|Any CPU.ActiveCfg = Release|Any CPU
		{187F7E57-3DA3-491C-8C75-AA24E6AC0B59}.Release|Any CPU.Build.0 = Release|Any CPU
	EndGlobalSection
	GlobalSection(SolutionProperties) = preSolution
		HideSolutionNode = FALSE
	EndGlobalSection
	GlobalSection(ExtensibilityGlobals) = postSolution
		SolutionGuid = {493FC460-56A8-4B1A-A6DA-86DCB5F8F658}
	EndGlobalSection
EndGlobal
