
Microsoft Visual Studio Solution File, Format Version 12.00
# Visual Studio Version 17
VisualStudioVersion = 17.2.32519.379
MinimumVisualStudioVersion = 10.0.40219.1
Project("{FAE04EC0-301F-11D3-BF4B-00C04F79EFBC}") = "Quiz", "Quiz.csproj", "{AE551A97-6CF0-433D-87C4-B9B9C6767ADF}"
EndProject
Global
	GlobalSection(SolutionConfigurationPlatforms) = preSolution
		Debug|Any CPU = Debug|Any CPU
		Release|Any CPU = Release|Any CPU
	EndGlobalSection
	GlobalSection(ProjectConfigurationPlatforms) = postSolution
		{AE551A97-6CF0-433D-87C4-B9B9C6767ADF}.Debug|Any CPU.ActiveCfg = Debug|Any CPU
		{AE551A97-6CF0-433D-87C4-B9B9C6767ADF}.Debug|Any CPU.Build.0 = Debug|Any CPU
		{AE551A97-6CF0-433D-87C4-B9B9C6767ADF}.Release|Any CPU.ActiveCfg = Release|Any CPU
		{AE551A97-6CF0-433D-87C4-B9B9C6767ADF}.Release|Any CPU.Build.0 = Release|Any CPU
	EndGlobalSection
	GlobalSection(SolutionProperties) = preSolution
		HideSolutionNode = FALSE
	EndGlobalSection
	GlobalSection(ExtensibilityGlobals) = postSolution
		SolutionGuid = {A8093FD2-D7C4-4A02-AAA7-AEB08708A0FD}
	EndGlobalSection
EndGlobal
