
Microsoft Visual Studio Solution File, Format Version 12.00
# Visual Studio Version 17
VisualStudioVersion = 17.2.32519.379
MinimumVisualStudioVersion = 10.0.40219.1
Project("{FAE04EC0-301F-11D3-BF4B-00C04F79EFBC}") = "MathOperations", "MathOperations\MathOperations.csproj", "{94751AB6-0489-46BA-B94F-E3EEF8401BFC}"
EndProject
Global
	GlobalSection(SolutionConfigurationPlatforms) = preSolution
		Debug|Any CPU = Debug|Any CPU
		Release|Any CPU = Release|Any CPU
	EndGlobalSection
	GlobalSection(ProjectConfigurationPlatforms) = postSolution
		{94751AB6-0489-46BA-B94F-E3EEF8401BFC}.Debug|Any CPU.ActiveCfg = Debug|Any CPU
		{94751AB6-0489-46BA-B94F-E3EEF8401BFC}.Debug|Any CPU.Build.0 = Debug|Any CPU
		{94751AB6-0489-46BA-B94F-E3EEF8401BFC}.Release|Any CPU.ActiveCfg = Release|Any CPU
		{94751AB6-0489-46BA-B94F-E3EEF8401BFC}.Release|Any CPU.Build.0 = Release|Any CPU
	EndGlobalSection
	GlobalSection(SolutionProperties) = preSolution
		HideSolutionNode = FALSE
	EndGlobalSection
	GlobalSection(ExtensibilityGlobals) = postSolution
		SolutionGuid = {EFD68ACF-C611-449F-82C3-718439048194}
	EndGlobalSection
EndGlobal
